
Microsoft Visual Studio Solution File, Format Version 11.00
# Visual Studio 2010
Project("{FAE04EC0-301F-11D3-BF4B-00C04F79EFBC}") = "PB IP Editor", "PB IP Editor.csproj", "{9B45A1EC-F4ED-4C29-A48C-CC2D89F0DAED}"
EndProject
Global
	GlobalSection(SolutionConfigurationPlatforms) = preSolution
		Debug|Any CPU = Debug|Any CPU
		Release|Any CPU = Release|Any CPU
	EndGlobalSection
	GlobalSection(ProjectConfigurationPlatforms) = postSolution
		{9B45A1EC-F4ED-4C29-A48C-CC2D89F0DAED}.Debug|Any CPU.ActiveCfg = Debug|Any CPU
		{9B45A1EC-F4ED-4C29-A48C-CC2D89F0DAED}.Debug|Any CPU.Build.0 = Debug|Any CPU
		{9B45A1EC-F4ED-4C29-A48C-CC2D89F0DAED}.Release|Any CPU.ActiveCfg = Release|Any CPU
		{9B45A1EC-F4ED-4C29-A48C-CC2D89F0DAED}.Release|Any CPU.Build.0 = Release|Any CPU
	EndGlobalSection
	GlobalSection(SolutionProperties) = preSolution
		HideSolutionNode = FALSE
	EndGlobalSection
EndGlobal
